// !$*UTF8*$!
{
	archiveVersion = 1;
	classes = {
	};
	objectVersion = 48;
	objects = {

/* Begin PBXBuildFile section */
		57928F0F1FD6C6CA0064F3D2 /* AppDelegate.swift in Sources */ = {isa = PBXBuildFile; fileRef = 57928F0E1FD6C6CA0064F3D2 /* AppDelegate.swift */; };
		57928F111FD6C6CA0064F3D2 /* ViewController.swift in Sources */ = {isa = PBXBuildFile; fileRef = 57928F101FD6C6CA0064F3D2 /* ViewController.swift */; };
		57928F141FD6C6CA0064F3D2 /* Main.storyboard in Resources */ = {isa = PBXBuildFile; fileRef = 57928F121FD6C6CA0064F3D2 /* Main.storyboard */; };
		57928F161FD6C6CA0064F3D2 /* Assets.xcassets in Resources */ = {isa = PBXBuildFile; fileRef = 57928F151FD6C6CA0064F3D2 /* Assets.xcassets */; };
		57928F191FD6C6CA0064F3D2 /* LaunchScreen.storyboard in Resources */ = {isa = PBXBuildFile; fileRef = 57928F171FD6C6CA0064F3D2 /* LaunchScreen.storyboard */; };
		57928F241FD6C6CA0064F3D2 /* SImple_upload_imageTests.swift in Sources */ = {isa = PBXBuildFile; fileRef = 57928F231FD6C6CA0064F3D2 /* SImple_upload_imageTests.swift */; };
		57928F2F1FD6C6CA0064F3D2 /* SImple_upload_imageUITests.swift in Sources */ = {isa = PBXBuildFile; fileRef = 57928F2E1FD6C6CA0064F3D2 /* SImple_upload_imageUITests.swift */; };
/* End PBXBuildFile section */

/* Begin PBXContainerItemProxy section */
		57928F201FD6C6CA0064F3D2 /* PBXContainerItemProxy */ = {
			isa = PBXContainerItemProxy;
			containerPortal = 57928F031FD6C6CA0064F3D2 /* Project object */;
			proxyType = 1;
			remoteGlobalIDString = 57928F0A1FD6C6CA0064F3D2;
			remoteInfo = "SImple upload image";
		};
		57928F2B1FD6C6CA0064F3D2 /* PBXContainerItemProxy */ = {
			isa = PBXContainerItemProxy;
			containerPortal = 57928F031FD6C6CA0064F3D2 /* Project object */;
			proxyType = 1;
			remoteGlobalIDString = 57928F0A1FD6C6CA0064F3D2;
			remoteInfo = "SImple upload image";
		};
/* End PBXContainerItemProxy section */

/* Begin PBXFileReference section */
		57928F0B1FD6C6CA0064F3D2 /* SImple upload image.app */ = {isa = PBXFileReference; explicitFileType = wrapper.application; includeInIndex = 0; path = "SImple upload image.app"; sourceTree = BUILT_PRODUCTS_DIR; };
		57928F0E1FD6C6CA0064F3D2 /* AppDelegate.swift */ = {isa = PBXFileReference; lastKnownFileType = sourcecode.swift; path = AppDelegate.swift; sourceTree = "<group>"; };
		57928F101FD6C6CA0064F3D2 /* ViewController.swift */ = {isa = PBXFileReference; lastKnownFileType = sourcecode.swift; path = ViewController.swift; sourceTree = "<group>"; };
		57928F131FD6C6CA0064F3D2 /* Base */ = {isa = PBXFileReference; lastKnownFileType = file.storyboard; name = Base; path = Base.lproj/Main.storyboard; sourceTree = "<group>"; };
		57928F151FD6C6CA0064F3D2 /* Assets.xcassets */ = {isa = PBXFileReference; lastKnownFileType = folder.assetcatalog; path = Assets.xcassets; sourceTree = "<group>"; };
		57928F181FD6C6CA0064F3D2 /* Base */ = {isa = PBXFileReference; lastKnownFileType = file.storyboard; name = Base; path = Base.lproj/LaunchScreen.storyboard; sourceTree = "<group>"; };
		57928F1A1FD6C6CA0064F3D2 /* Info.plist */ = {isa = PBXFileReference; lastKnownFileType = text.plist.xml; path = Info.plist; sourceTree = "<group>"; };
		57928F1F1FD6C6CA0064F3D2 /* SImple upload imageTests.xctest */ = {isa = PBXFileReference; explicitFileType = wrapper.cfbundle; includeInIndex = 0; path = "SImple upload imageTests.xctest"; sourceTree = BUILT_PRODUCTS_DIR; };
		57928F231FD6C6CA0064F3D2 /* SImple_upload_imageTests.swift */ = {isa = PBXFileReference; lastKnownFileType = sourcecode.swift; path = SImple_upload_imageTests.swift; sourceTree = "<group>"; };
		57928F251FD6C6CA0064F3D2 /* Info.plist */ = {isa = PBXFileReference; lastKnownFileType = text.plist.xml; path = Info.plist; sourceTree = "<group>"; };
		57928F2A1FD6C6CA0064F3D2 /* SImple upload imageUITests.xctest */ = {isa = PBXFileReference; explicitFileType = wrapper.cfbundle; includeInIndex = 0; path = "SImple upload imageUITests.xctest"; sourceTree = BUILT_PRODUCTS_DIR; };
		57928F2E1FD6C6CA0064F3D2 /* SImple_upload_imageUITests.swift */ = {isa = PBXFileReference; lastKnownFileType = sourcecode.swift; path = SImple_upload_imageUITests.swift; sourceTree = "<group>"; };
		57928F301FD6C6CA0064F3D2 /* Info.plist */ = {isa = PBXFileReference; lastKnownFileType = text.plist.xml; path = Info.plist; sourceTree = "<group>"; };
/* End PBXFileReference section */

/* Begin PBXFrameworksBuildPhase section */
		57928F081FD6C6CA0064F3D2 /* Frameworks */ = {
			isa = PBXFrameworksBuildPhase;
			buildActionMask = 2147483647;
			files = (
			);
			runOnlyForDeploymentPostprocessing = 0;
		};
		57928F1C1FD6C6CA0064F3D2 /* Frameworks */ = {
			isa = PBXFrameworksBuildPhase;
			buildActionMask = 2147483647;
			files = (
			);
			runOnlyForDeploymentPostprocessing = 0;
		};
		57928F271FD6C6CA0064F3D2 /* Frameworks */ = {
			isa = PBXFrameworksBuildPhase;
			buildActionMask = 2147483647;
			files = (
			);
			runOnlyForDeploymentPostprocessing = 0;
		};
/* End PBXFrameworksBuildPhase section */

/* Begin PBXGroup section */
		57928F021FD6C6CA0064F3D2 = {
			isa = PBXGroup;
			children = (
				57928F0D1FD6C6CA0064F3D2 /* SImple upload image */,
				57928F221FD6C6CA0064F3D2 /* SImple upload imageTests */,
				57928F2D1FD6C6CA0064F3D2 /* SImple upload imageUITests */,
				57928F0C1FD6C6CA0064F3D2 /* Products */,
			);
			sourceTree = "<group>";
		};
		57928F0C1FD6C6CA0064F3D2 /* Products */ = {
			isa = PBXGroup;
			children = (
				57928F0B1FD6C6CA0064F3D2 /* SImple upload image.app */,
				57928F1F1FD6C6CA0064F3D2 /* SImple upload imageTests.xctest */,
				57928F2A1FD6C6CA0064F3D2 /* SImple upload imageUITests.xctest */,
			);
			name = Products;
			sourceTree = "<group>";
		};
		57928F0D1FD6C6CA0064F3D2 /* SImple upload image */ = {
			isa = PBXGroup;
			children = (
				57928F0E1FD6C6CA0064F3D2 /* AppDelegate.swift */,
				57928F101FD6C6CA0064F3D2 /* ViewController.swift */,
				57928F121FD6C6CA0064F3D2 /* Main.storyboard */,
				57928F151FD6C6CA0064F3D2 /* Assets.xcassets */,
				57928F171FD6C6CA0064F3D2 /* LaunchScreen.storyboard */,
				57928F1A1FD6C6CA0064F3D2 /* Info.plist */,
			);
			path = "SImple upload image";
			sourceTree = "<group>";
		};
		57928F221FD6C6CA0064F3D2 /* SImple upload imageTests */ = {
			isa = PBXGroup;
			children = (
				57928F231FD6C6CA0064F3D2 /* SImple_upload_imageTests.swift */,
				57928F251FD6C6CA0064F3D2 /* Info.plist */,
			);
			path = "SImple upload imageTests";
			sourceTree = "<group>";
		};
		57928F2D1FD6C6CA0064F3D2 /* SImple upload imageUITests */ = {
			isa = PBXGroup;
			children = (
				57928F2E1FD6C6CA0064F3D2 /* SImple_upload_imageUITests.swift */,
				57928F301FD6C6CA0064F3D2 /* Info.plist */,
			);
			path = "SImple upload imageUITests";
			sourceTree = "<group>";
		};
/* End PBXGroup section */

/* Begin PBXNativeTarget section */
		57928F0A1FD6C6CA0064F3D2 /* SImple upload image */ = {
			isa = PBXNativeTarget;
			buildConfigurationList = 57928F331FD6C6CA0064F3D2 /* Build configuration list for PBXNativeTarget "SImple upload image" */;
			buildPhases = (
				57928F071FD6C6CA0064F3D2 /* Sources */,
				57928F081FD6C6CA0064F3D2 /* Frameworks */,
				57928F091FD6C6CA0064F3D2 /* Resources */,
			);
			buildRules = (
			);
			dependencies = (
			);
			name = "SImple upload image";
			productName = "SImple upload image";
			productReference = 57928F0B1FD6C6CA0064F3D2 /* SImple upload image.app */;
			productType = "com.apple.product-type.application";
		};
		57928F1E1FD6C6CA0064F3D2 /* SImple upload imageTests */ = {
			isa = PBXNativeTarget;
			buildConfigurationList = 57928F361FD6C6CA0064F3D2 /* Build configuration list for PBXNativeTarget "SImple upload imageTests" */;
			buildPhases = (
				57928F1B1FD6C6CA0064F3D2 /* Sources */,
				57928F1C1FD6C6CA0064F3D2 /* Frameworks */,
				57928F1D1FD6C6CA0064F3D2 /* Resources */,
			);
			buildRules = (
			);
			dependencies = (
				57928F211FD6C6CA0064F3D2 /* PBXTargetDependency */,
			);
			name = "SImple upload imageTests";
			productName = "SImple upload imageTests";
			productReference = 57928F1F1FD6C6CA0064F3D2 /* SImple upload imageTests.xctest */;
			productType = "com.apple.product-type.bundle.unit-test";
		};
		57928F291FD6C6CA0064F3D2 /* SImple upload imageUITests */ = {
			isa = PBXNativeTarget;
			buildConfigurationList = 57928F391FD6C6CA0064F3D2 /* Build configuration list for PBXNativeTarget "SImple upload imageUITests" */;
			buildPhases = (
				57928F261FD6C6CA0064F3D2 /* Sources */,
				57928F271FD6C6CA0064F3D2 /* Frameworks */,
				57928F281FD6C6CA0064F3D2 /* Resources */,
			);
			buildRules = (
			);
			dependencies = (
				57928F2C1FD6C6CA0064F3D2 /* PBXTargetDependency */,
			);
			name = "SImple upload imageUITests";
			productName = "SImple upload imageUITests";
			productReference = 57928F2A1FD6C6CA0064F3D2 /* SImple upload imageUITests.xctest */;
			productType = "com.apple.product-type.bundle.ui-testing";
		};
/* End PBXNativeTarget section */

/* Begin PBXProject section */
		57928F031FD6C6CA0064F3D2 /* Project object */ = {
			isa = PBXProject;
			attributes = {
				LastSwiftUpdateCheck = 0920;
				LastUpgradeCheck = 0920;
				ORGANIZATIONNAME = "Никита Аплин";
				TargetAttributes = {
					57928F0A1FD6C6CA0064F3D2 = {
						CreatedOnToolsVersion = 9.2;
						ProvisioningStyle = Automatic;
					};
					57928F1E1FD6C6CA0064F3D2 = {
						CreatedOnToolsVersion = 9.2;
						ProvisioningStyle = Automatic;
						TestTargetID = 57928F0A1FD6C6CA0064F3D2;
					};
					57928F291FD6C6CA0064F3D2 = {
						CreatedOnToolsVersion = 9.2;
						ProvisioningStyle = Automatic;
						TestTargetID = 57928F0A1FD6C6CA0064F3D2;
					};
				};
			};
			buildConfigurationList = 57928F061FD6C6CA0064F3D2 /* Build configuration list for PBXProject "SImple upload image" */;
			compatibilityVersion = "Xcode 8.0";
			developmentRegion = en;
			hasScannedForEncodings = 0;
			knownRegions = (
				en,
				Base,
			);
			mainGroup = 57928F021FD6C6CA0064F3D2;
			productRefGroup = 57928F0C1FD6C6CA0064F3D2 /* Products */;
			projectDirPath = "";
			projectRoot = "";
			targets = (
				57928F0A1FD6C6CA0064F3D2 /* SImple upload image */,
				57928F1E1FD6C6CA0064F3D2 /* SImple upload imageTests */,
				57928F291FD6C6CA0064F3D2 /* SImple upload imageUITests */,
			);
		};
/* End PBXProject section */

/* Begin PBXResourcesBuildPhase section */
		57928F091FD6C6CA0064F3D2 /* Resources */ = {
			isa = PBXResourcesBuildPhase;
			buildActionMask = 2147483647;
			files = (
				57928F191FD6C6CA0064F3D2 /* LaunchScreen.storyboard in Resources */,
				57928F161FD6C6CA0064F3D2 /* Assets.xcassets in Resources */,
				57928F141FD6C6CA0064F3D2 /* Main.storyboard in Resources */,
			);
			runOnlyForDeploymentPostprocessing = 0;
		};
		57928F1D1FD6C6CA0064F3D2 /* Resources */ = {
			isa = PBXResourcesBuildPhase;
			buildActionMask = 2147483647;
			files = (
			);
			runOnlyForDeploymentPostprocessing = 0;
		};
		57928F281FD6C6CA0064F3D2 /* Resources */ = {
			isa = PBXResourcesBuildPhase;
			buildActionMask = 2147483647;
			files = (
			);
			runOnlyForDeploymentPostprocessing = 0;
		};
/* End PBXResourcesBuildPhase section */

/* Begin PBXSourcesBuildPhase section */
		57928F071FD6C6CA0064F3D2 /* Sources */ = {
			isa = PBXSourcesBuildPhase;
			buildActionMask = 2147483647;
			files = (
				57928F111FD6C6CA0064F3D2 /* ViewController.swift in Sources */,
				57928F0F1FD6C6CA0064F3D2 /* AppDelegate.swift in Sources */,
			);
			runOnlyForDeploymentPostprocessing = 0;
		};
		57928F1B1FD6C6CA0064F3D2 /* Sources */ = {
			isa = PBXSourcesBuildPhase;
			buildActionMask = 2147483647;
			files = (
				57928F241FD6C6CA0064F3D2 /* SImple_upload_imageTests.swift in Sources */,
			);
			runOnlyForDeploymentPostprocessing = 0;
		};
		57928F261FD6C6CA0064F3D2 /* Sources */ = {
			isa = PBXSourcesBuildPhase;
			buildActionMask = 2147483647;
			files = (
				57928F2F1FD6C6CA0064F3D2 /* SImple_upload_imageUITests.swift in Sources */,
			);
			runOnlyForDeploymentPostprocessing = 0;
		};
/* End PBXSourcesBuildPhase section */

/* Begin PBXTargetDependency section */
		57928F211FD6C6CA0064F3D2 /* PBXTargetDependency */ = {
			isa = PBXTargetDependency;
			target = 57928F0A1FD6C6CA0064F3D2 /* SImple upload image */;
			targetProxy = 57928F201FD6C6CA0064F3D2 /* PBXContainerItemProxy */;
		};
		57928F2C1FD6C6CA0064F3D2 /* PBXTargetDependency */ = {
			isa = PBXTargetDependency;
			target = 57928F0A1FD6C6CA0064F3D2 /* SImple upload image */;
			targetProxy = 57928F2B1FD6C6CA0064F3D2 /* PBXContainerItemProxy */;
		};
/* End PBXTargetDependency section */

/* Begin PBXVariantGroup section */
		57928F121FD6C6CA0064F3D2 /* Main.storyboard */ = {
			isa = PBXVariantGroup;
			children = (
				57928F131FD6C6CA0064F3D2 /* Base */,
			);
			name = Main.storyboard;
			sourceTree = "<group>";
		};
		57928F171FD6C6CA0064F3D2 /* LaunchScreen.storyboard */ = {
			isa = PBXVariantGroup;
			children = (
				57928F181FD6C6CA0064F3D2 /* Base */,
			);
			name = LaunchScreen.storyboard;
			sourceTree = "<group>";
		};
/* End PBXVariantGroup section */

/* Begin XCBuildConfiguration section */
		57928F311FD6C6CA0064F3D2 /* Debug */ = {
			isa = XCBuildConfiguration;
			buildSettings = {
				ALWAYS_SEARCH_USER_PATHS = NO;
				CLANG_ANALYZER_NONNULL = YES;
				CLANG_ANALYZER_NUMBER_OBJECT_CONVERSION = YES_AGGRESSIVE;
				CLANG_CXX_LANGUAGE_STANDARD = "gnu++14";
				CLANG_CXX_LIBRARY = "libc++";
				CLANG_ENABLE_MODULES = YES;
				CLANG_ENABLE_OBJC_ARC = YES;
				CLANG_WARN_BLOCK_CAPTURE_AUTORELEASING = YES;
				CLANG_WARN_BOOL_CONVERSION = YES;
				CLANG_WARN_COMMA = YES;
				CLANG_WARN_CONSTANT_CONVERSION = YES;
				CLANG_WARN_DIRECT_OBJC_ISA_USAGE = YES_ERROR;
				CLANG_WARN_DOCUMENTATION_COMMENTS = YES;
				CLANG_WARN_EMPTY_BODY = YES;
				CLANG_WARN_ENUM_CONVERSION = YES;
				CLANG_WARN_INFINITE_RECURSION = YES;
				CLANG_WARN_INT_CONVERSION = YES;
				CLANG_WARN_NON_LITERAL_NULL_CONVERSION = YES;
				CLANG_WARN_OBJC_LITERAL_CONVERSION = YES;
				CLANG_WARN_OBJC_ROOT_CLASS = YES_ERROR;
				CLANG_WARN_RANGE_LOOP_ANALYSIS = YES;
				CLANG_WARN_STRICT_PROTOTYPES = YES;
				CLANG_WARN_SUSPICIOUS_MOVE = YES;
				CLANG_WARN_UNGUARDED_AVAILABILITY = YES_AGGRESSIVE;
				CLANG_WARN_UNREACHABLE_CODE = YES;
				CLANG_WARN__DUPLICATE_METHOD_MATCH = YES;
				CODE_SIGN_IDENTITY = "iPhone Developer";
				COPY_PHASE_STRIP = NO;
				DEBUG_INFORMATION_FORMAT = dwarf;
				ENABLE_STRICT_OBJC_MSGSEND = YES;
				ENABLE_TESTABILITY = YES;
				GCC_C_LANGUAGE_STANDARD = gnu11;
				GCC_DYNAMIC_NO_PIC = NO;
				GCC_NO_COMMON_BLOCKS = YES;
				GCC_OPTIMIZATION_LEVEL = 0;
				GCC_PREPROCESSOR_DEFINITIONS = (
					"DEBUG=1",
					"$(inherited)",
				);
				GCC_WARN_64_TO_32_BIT_CONVERSION = YES;
				GCC_WARN_ABOUT_RETURN_TYPE = YES_ERROR;
				GCC_WARN_UNDECLARED_SELECTOR = YES;
				GCC_WARN_UNINITIALIZED_AUTOS = YES_AGGRESSIVE;
				GCC_WARN_UNUSED_FUNCTION = YES;
				GCC_WARN_UNUSED_VARIABLE = YES;
				IPHONEOS_DEPLOYMENT_TARGET = 11.2;
				MTL_ENABLE_DEBUG_INFO = YES;
				ONLY_ACTIVE_ARCH = YES;
				SDKROOT = iphoneos;
				SWIFT_ACTIVE_COMPILATION_CONDITIONS = DEBUG;
				SWIFT_OPTIMIZATION_LEVEL = "-Onone";
			};
			name = Debug;
		};
		57928F321FD6C6CA0064F3D2 /* Release */ = {
			isa = XCBuildConfiguration;
			buildSettings = {
				ALWAYS_SEARCH_USER_PATHS = NO;
				CLANG_ANALYZER_NONNULL = YES;
				CLANG_ANALYZER_NUMBER_OBJECT_CONVERSION = YES_AGGRESSIVE;
				CLANG_CXX_LANGUAGE_STANDARD = "gnu++14";
				CLANG_CXX_LIBRARY = "libc++";
				CLANG_ENABLE_MODULES = YES;
				CLANG_ENABLE_OBJC_ARC = YES;
				CLANG_WARN_BLOCK_CAPTURE_AUTORELEASING = YES;
				CLANG_WARN_BOOL_CONVERSION = YES;
				CLANG_WARN_COMMA = YES;
				CLANG_WARN_CONSTANT_CONVERSION = YES;
				CLANG_WARN_DIRECT_OBJC_ISA_USAGE = YES_ERROR;
				CLANG_WARN_DOCUMENTATION_COMMENTS = YES;
				CLANG_WARN_EMPTY_BODY = YES;
				CLANG_WARN_ENUM_CONVERSION = YES;
				CLANG_WARN_INFINITE_RECURSION = YES;
				CLANG_WARN_INT_CONVERSION = YES;
				CLANG_WARN_NON_LITERAL_NULL_CONVERSION = YES;
				CLANG_WARN_OBJC_LITERAL_CONVERSION = YES;
				CLANG_WARN_OBJC_ROOT_CLASS = YES_ERROR;
				CLANG_WARN_RANGE_LOOP_ANALYSIS = YES;
				CLANG_WARN_STRICT_PROTOTYPES = YES;
				CLANG_WARN_SUSPICIOUS_MOVE = YES;
				CLANG_WARN_UNGUARDED_AVAILABILITY = YES_AGGRESSIVE;
				CLANG_WARN_UNREACHABLE_CODE = YES;
				CLANG_WARN__DUPLICATE_METHOD_MATCH = YES;
				CODE_SIGN_IDENTITY = "iPhone Developer";
				COPY_PHASE_STRIP = NO;
				DEBUG_INFORMATION_FORMAT = "dwarf-with-dsym";
				ENABLE_NS_ASSERTIONS = NO;
				ENABLE_STRICT_OBJC_MSGSEND = YES;
				GCC_C_LANGUAGE_STANDARD = gnu11;
				GCC_NO_COMMON_BLOCKS = YES;
				GCC_WARN_64_TO_32_BIT_CONVERSION = YES;
				GCC_WARN_ABOUT_RETURN_TYPE = YES_ERROR;
				GCC_WARN_UNDECLARED_SELECTOR = YES;
				GCC_WARN_UNINITIALIZED_AUTOS = YES_AGGRESSIVE;
				GCC_WARN_UNUSED_FUNCTION = YES;
				GCC_WARN_UNUSED_VARIABLE = YES;
				IPHONEOS_DEPLOYMENT_TARGET = 11.2;
				MTL_ENABLE_DEBUG_INFO = NO;
				SDKROOT = iphoneos;
				SWIFT_OPTIMIZATION_LEVEL = "-Owholemodule";
				VALIDATE_PRODUCT = YES;
			};
			name = Release;
		};
		57928F341FD6C6CA0064F3D2 /* Debug */ = {
			isa = XCBuildConfiguration;
			buildSettings = {
				ASSETCATALOG_COMPILER_APPICON_NAME = AppIcon;
				CODE_SIGN_STYLE = Automatic;
				INFOPLIST_FILE = "SImple upload image/Info.plist";
				LD_RUNPATH_SEARCH_PATHS = "$(inherited) @executable_path/Frameworks";
				PRODUCT_BUNDLE_IDENTIFIER = "com.nikita-aplin.SImple-upload-image";
				PRODUCT_NAME = "$(TARGET_NAME)";
				SWIFT_VERSION = 4.0;
				TARGETED_DEVICE_FAMILY = "1,2";
			};
			name = Debug;
		};
		57928F351FD6C6CA0064F3D2 /* Release */ = {
			isa = XCBuildConfiguration;
			buildSettings = {
				ASSETCATALOG_COMPILER_APPICON_NAME = AppIcon;
				CODE_SIGN_STYLE = Automatic;
				INFOPLIST_FILE = "SImple upload image/Info.plist";
				LD_RUNPATH_SEARCH_PATHS = "$(inherited) @executable_path/Frameworks";
				PRODUCT_BUNDLE_IDENTIFIER = "com.nikita-aplin.SImple-upload-image";
				PRODUCT_NAME = "$(TARGET_NAME)";
				SWIFT_VERSION = 4.0;
				TARGETED_DEVICE_FAMILY = "1,2";
			};
			name = Release;
		};
		57928F371FD6C6CA0064F3D2 /* Debug */ = {
			isa = XCBuildConfiguration;
			buildSettings = {
				ALWAYS_EMBED_SWIFT_STANDARD_LIBRARIES = YES;
				BUNDLE_LOADER = "$(TEST_HOST)";
				CODE_SIGN_STYLE = Automatic;
				INFOPLIST_FILE = "SImple upload imageTests/Info.plist";
				LD_RUNPATH_SEARCH_PATHS = "$(inherited) @executable_path/Frameworks @loader_path/Frameworks";
				PRODUCT_BUNDLE_IDENTIFIER = "com.nikita-aplin.SImple-upload-imageTests";
				PRODUCT_NAME = "$(TARGET_NAME)";
				SWIFT_VERSION = 4.0;
				TARGETED_DEVICE_FAMILY = "1,2";
				TEST_HOST = "$(BUILT_PRODUCTS_DIR)/SImple upload image.app/SImple upload image";
			};
			name = Debug;
		};
		57928F381FD6C6CA0064F3D2 /* Release */ = {
			isa = XCBuildConfiguration;
			buildSettings = {
				ALWAYS_EMBED_SWIFT_STANDARD_LIBRARIES = YES;
				BUNDLE_LOADER = "$(TEST_HOST)";
				CODE_SIGN_STYLE = Automatic;
				INFOPLIST_FILE = "SImple upload imageTests/Info.plist";
				LD_RUNPATH_SEARCH_PATHS = "$(inherited) @executable_path/Frameworks @loader_path/Frameworks";
				PRODUCT_BUNDLE_IDENTIFIER = "com.nikita-aplin.SImple-upload-imageTests";
				PRODUCT_NAME = "$(TARGET_NAME)";
				SWIFT_VERSION = 4.0;
				TARGETED_DEVICE_FAMILY = "1,2";
				TEST_HOST = "$(BUILT_PRODUCTS_DIR)/SImple upload image.app/SImple upload image";
			};
			name = Release;
		};
		57928F3A1FD6C6CA0064F3D2 /* Debug */ = {
			isa = XCBuildConfiguration;
			buildSettings = {
				ALWAYS_EMBED_SWIFT_STANDARD_LIBRARIES = YES;
				CODE_SIGN_STYLE = Automatic;
				INFOPLIST_FILE = "SImple upload imageUITests/Info.plist";
				LD_RUNPATH_SEARCH_PATHS = "$(inherited) @executable_path/Frameworks @loader_path/Frameworks";
				PRODUCT_BUNDLE_IDENTIFIER = "com.nikita-aplin.SImple-upload-imageUITests";
				PRODUCT_NAME = "$(TARGET_NAME)";
				SWIFT_VERSION = 4.0;
				TARGETED_DEVICE_FAMILY = "1,2";
				TEST_TARGET_NAME = "SImple upload image";
			};
			name = Debug;
		};
		57928F3B1FD6C6CA0064F3D2 /* Release */ = {
			isa = XCBuildConfiguration;
			buildSettings = {
				ALWAYS_EMBED_SWIFT_STANDARD_LIBRARIES = YES;
				CODE_SIGN_STYLE = Automatic;
				INFOPLIST_FILE = "SImple upload imageUITests/Info.plist";
				LD_RUNPATH_SEARCH_PATHS = "$(inherited) @executable_path/Frameworks @loader_path/Frameworks";
				PRODUCT_BUNDLE_IDENTIFIER = "com.nikita-aplin.SImple-upload-imageUITests";
				PRODUCT_NAME = "$(TARGET_NAME)";
				SWIFT_VERSION = 4.0;
				TARGETED_DEVICE_FAMILY = "1,2";
				TEST_TARGET_NAME = "SImple upload image";
			};
			name = Release;
		};
/* End XCBuildConfiguration section */

/* Begin XCConfigurationList section */
		57928F061FD6C6CA0064F3D2 /* Build configuration list for PBXProject "SImple upload image" */ = {
			isa = XCConfigurationList;
			buildConfigurations = (
				57928F311FD6C6CA0064F3D2 /* Debug */,
				57928F321FD6C6CA0064F3D2 /* Release */,
			);
			defaultConfigurationIsVisible = 0;
			defaultConfigurationName = Release;
		};
		57928F331FD6C6CA0064F3D2 /* Build configuration list for PBXNativeTarget "SImple upload image" */ = {
			isa = XCConfigurationList;
			buildConfigurations = (
				57928F341FD6C6CA0064F3D2 /* Debug */,
				57928F351FD6C6CA0064F3D2 /* Release */,
			);
			defaultConfigurationIsVisible = 0;
			defaultConfigurationName = Release;
		};
		57928F361FD6C6CA0064F3D2 /* Build configuration list for PBXNativeTarget "SImple upload imageTests" */ = {
			isa = XCConfigurationList;
			buildConfigurations = (
				57928F371FD6C6CA0064F3D2 /* Debug */,
				57928F381FD6C6CA0064F3D2 /* Release */,
			);
			defaultConfigurationIsVisible = 0;
			defaultConfigurationName = Release;
		};
		57928F391FD6C6CA0064F3D2 /* Build configuration list for PBXNativeTarget "SImple upload imageUITests" */ = {
			isa = XCConfigurationList;
			buildConfigurations = (
				57928F3A1FD6C6CA0064F3D2 /* Debug */,
				57928F3B1FD6C6CA0064F3D2 /* Release */,
			);
			defaultConfigurationIsVisible = 0;
			defaultConfigurationName = Release;
		};
/* End XCConfigurationList section */
	};
	rootObject = 57928F031FD6C6CA0064F3D2 /* Project object */;
}
